
Microsoft Visual Studio Solution File, Format Version 12.00
Project("{FAE04EC0-301F-11D3-BF4B-00C04F79EFBC}") = "InventoryControl", "InventoryControl.csproj", "{AFCACC96-B019-4AF1-954B-BA54D6C571CD}"
EndProject
Global
	GlobalSection(SolutionConfigurationPlatforms) = preSolution
		Debug|Any CPU = Debug|Any CPU
		Release|Any CPU = Release|Any CPU
	EndGlobalSection
	GlobalSection(ProjectConfigurationPlatforms) = postSolution
		{AFCACC96-B019-4AF1-954B-BA54D6C571CD}.Debug|Any CPU.ActiveCfg = Debug|Any CPU
		{AFCACC96-B019-4AF1-954B-BA54D6C571CD}.Debug|Any CPU.Build.0 = Debug|Any CPU
		{AFCACC96-B019-4AF1-954B-BA54D6C571CD}.Release|Any CPU.ActiveCfg = Release|Any CPU
		{AFCACC96-B019-4AF1-954B-BA54D6C571CD}.Release|Any CPU.Build.0 = Release|Any CPU
	EndGlobalSection
EndGlobal
